
Microsoft Visual Studio Solution File, Format Version 12.00
# Visual Studio Version 17
VisualStudioVersion = 17.14.36212.18 d17.14
MinimumVisualStudioVersion = 10.0.40219.1
Project("{FAE04EC0-301F-11D3-BF4B-00C04F79EFBC}") = "IAClassifica", "IAClassifica\IAClassifica.csproj", "{2877DAF6-99DB-497D-A5E0-7BE1EB4222F0}"
EndProject
Global
	GlobalSection(SolutionConfigurationPlatforms) = preSolution
		Debug|Any CPU = Debug|Any CPU
		Release|Any CPU = Release|Any CPU
	EndGlobalSection
	GlobalSection(ProjectConfigurationPlatforms) = postSolution
		{2877DAF6-99DB-497D-A5E0-7BE1EB4222F0}.Debug|Any CPU.ActiveCfg = Debug|Any CPU
		{2877DAF6-99DB-497D-A5E0-7BE1EB4222F0}.Debug|Any CPU.Build.0 = Debug|Any CPU
		{2877DAF6-99DB-497D-A5E0-7BE1EB4222F0}.Release|Any CPU.ActiveCfg = Release|Any CPU
		{2877DAF6-99DB-497D-A5E0-7BE1EB4222F0}.Release|Any CPU.Build.0 = Release|Any CPU
	EndGlobalSection
	GlobalSection(SolutionProperties) = preSolution
		HideSolutionNode = FALSE
	EndGlobalSection
	GlobalSection(ExtensibilityGlobals) = postSolution
		SolutionGuid = {62AC8B8E-5119-40C2-87EC-B28574B00122}
	EndGlobalSection
EndGlobal
